
Microsoft Visual Studio Solution File, Format Version 12.00
# Visual Studio Version 17
VisualStudioVersion = 17.0.31903.59
MinimumVisualStudioVersion = 10.0.40219.1
Project("{FAE04EC0-301F-11D3-BF4B-00C04F79EFBC}") = "AIAPI", "AIAPI\AIAPI.csproj", "{1CE3DB04-ABAB-4D24-9F49-8C9D33C642EF}"
EndProject
Project("{FAE04EC0-301F-11D3-BF4B-00C04F79EFBC}") = "AuthAPI", "AuthAPI\AuthAPI.csproj", "{32CDF930-9679-42DE-85B8-2419F2E85A3E}"
EndProject
Project("{FAE04EC0-301F-11D3-BF4B-00C04F79EFBC}") = "BookingAPI", "BookingAPI\BookingAPI.csproj", "{2891A643-B8E2-469F-9E85-C3D8902C69F3}"
EndProject
Project("{FAE04EC0-301F-11D3-BF4B-00C04F79EFBC}") = "ContentAPI", "ContentAPI\ContentAPI.csproj", "{87B52A1A-222F-4F20-BE5B-96BA07BD631A}"
EndProject
Project("{FAE04EC0-301F-11D3-BF4B-00C04F79EFBC}") = "GatewayAPI", "GatewayAPI\GatewayAPI.csproj", "{FD9E4D1F-1AC1-41EF-A296-6E211B876E22}"
EndProject
Project("{FAE04EC0-301F-11D3-BF4B-00C04F79EFBC}") = "PaymentAPI", "PaymentAPI\PaymentAPI.csproj", "{A5246B8D-88B0-4650-A618-66AFB331102E}"
EndProject
Project("{FAE04EC0-301F-11D3-BF4B-00C04F79EFBC}") = "SocialAPI", "SocialAPI\SocialAPI.csproj", "{F5DF302B-EA1A-41DA-BF95-82E9F10B7ECA}"
EndProject
Project("{FAE04EC0-301F-11D3-BF4B-00C04F79EFBC}") = "SystemAPI", "SystemAPI\SystemAPI.csproj", "{ACA47186-11ED-431E-A4B9-CA4C9BFF884C}"
EndProject
Project("{FAE04EC0-301F-11D3-BF4B-00C04F79EFBC}") = "TourAPI", "TourAPI\TourAPI.csproj", "{854BDB35-AD6D-43CE-8E83-A7D2B881236F}"
EndProject
Project("{FAE04EC0-301F-11D3-BF4B-00C04F79EFBC}") = "VoucherAPI", "VoucherAPI\VoucherAPI.csproj", "{5C88FFE6-7D90-42B7-85FD-7E4C6F9A736F}"
EndProject
Global
	GlobalSection(SolutionConfigurationPlatforms) = preSolution
		Debug|Any CPU = Debug|Any CPU
		Debug|x64 = Debug|x64
		Debug|x86 = Debug|x86
		Release|Any CPU = Release|Any CPU
		Release|x64 = Release|x64
		Release|x86 = Release|x86
	EndGlobalSection
	GlobalSection(ProjectConfigurationPlatforms) = postSolution
		{1CE3DB04-ABAB-4D24-9F49-8C9D33C642EF}.Debug|Any CPU.ActiveCfg = Debug|Any CPU
		{1CE3DB04-ABAB-4D24-9F49-8C9D33C642EF}.Debug|Any CPU.Build.0 = Debug|Any CPU
		{1CE3DB04-ABAB-4D24-9F49-8C9D33C642EF}.Debug|x64.ActiveCfg = Debug|Any CPU
		{1CE3DB04-ABAB-4D24-9F49-8C9D33C642EF}.Debug|x64.Build.0 = Debug|Any CPU
		{1CE3DB04-ABAB-4D24-9F49-8C9D33C642EF}.Debug|x86.ActiveCfg = Debug|Any CPU
		{1CE3DB04-ABAB-4D24-9F49-8C9D33C642EF}.Debug|x86.Build.0 = Debug|Any CPU
		{1CE3DB04-ABAB-4D24-9F49-8C9D33C642EF}.Release|Any CPU.ActiveCfg = Release|Any CPU
		{1CE3DB04-ABAB-4D24-9F49-8C9D33C642EF}.Release|Any CPU.Build.0 = Release|Any CPU
		{1CE3DB04-ABAB-4D24-9F49-8C9D33C642EF}.Release|x64.ActiveCfg = Release|Any CPU
		{1CE3DB04-ABAB-4D24-9F49-8C9D33C642EF}.Release|x64.Build.0 = Release|Any CPU
		{1CE3DB04-ABAB-4D24-9F49-8C9D33C642EF}.Release|x86.ActiveCfg = Release|Any CPU
		{1CE3DB04-ABAB-4D24-9F49-8C9D33C642EF}.Release|x86.Build.0 = Release|Any CPU
		{32CDF930-9679-42DE-85B8-2419F2E85A3E}.Debug|Any CPU.ActiveCfg = Debug|Any CPU
		{32CDF930-9679-42DE-85B8-2419F2E85A3E}.Debug|Any CPU.Build.0 = Debug|Any CPU
		{32CDF930-9679-42DE-85B8-2419F2E85A3E}.Debug|x64.ActiveCfg = Debug|Any CPU
		{32CDF930-9679-42DE-85B8-2419F2E85A3E}.Debug|x64.Build.0 = Debug|Any CPU
		{32CDF930-9679-42DE-85B8-2419F2E85A3E}.Debug|x86.ActiveCfg = Debug|Any CPU
		{32CDF930-9679-42DE-85B8-2419F2E85A3E}.Debug|x86.Build.0 = Debug|Any CPU
		{32CDF930-9679-42DE-85B8-2419F2E85A3E}.Release|Any CPU.ActiveCfg = Release|Any CPU
		{32CDF930-9679-42DE-85B8-2419F2E85A3E}.Release|Any CPU.Build.0 = Release|Any CPU
		{32CDF930-9679-42DE-85B8-2419F2E85A3E}.Release|x64.ActiveCfg = Release|Any CPU
		{32CDF930-9679-42DE-85B8-2419F2E85A3E}.Release|x64.Build.0 = Release|Any CPU
		{32CDF930-9679-42DE-85B8-2419F2E85A3E}.Release|x86.ActiveCfg = Release|Any CPU
		{32CDF930-9679-42DE-85B8-2419F2E85A3E}.Release|x86.Build.0 = Release|Any CPU
		{2891A643-B8E2-469F-9E85-C3D8902C69F3}.Debug|Any CPU.ActiveCfg = Debug|Any CPU
		{2891A643-B8E2-469F-9E85-C3D8902C69F3}.Debug|Any CPU.Build.0 = Debug|Any CPU
		{2891A643-B8E2-469F-9E85-C3D8902C69F3}.Debug|x64.ActiveCfg = Debug|Any CPU
		{2891A643-B8E2-469F-9E85-C3D8902C69F3}.Debug|x64.Build.0 = Debug|Any CPU
		{2891A643-B8E2-469F-9E85-C3D8902C69F3}.Debug|x86.ActiveCfg = Debug|Any CPU
		{2891A643-B8E2-469F-9E85-C3D8902C69F3}.Debug|x86.Build.0 = Debug|Any CPU
		{2891A643-B8E2-469F-9E85-C3D8902C69F3}.Release|Any CPU.ActiveCfg = Release|Any CPU
		{2891A643-B8E2-469F-9E85-C3D8902C69F3}.Release|Any CPU.Build.0 = Release|Any CPU
		{2891A643-B8E2-469F-9E85-C3D8902C69F3}.Release|x64.ActiveCfg = Release|Any CPU
		{2891A643-B8E2-469F-9E85-C3D8902C69F3}.Release|x64.Build.0 = Release|Any CPU
		{2891A643-B8E2-469F-9E85-C3D8902C69F3}.Release|x86.ActiveCfg = Release|Any CPU
		{2891A643-B8E2-469F-9E85-C3D8902C69F3}.Release|x86.Build.0 = Release|Any CPU
		{87B52A1A-222F-4F20-BE5B-96BA07BD631A}.Debug|Any CPU.ActiveCfg = Debug|Any CPU
		{87B52A1A-222F-4F20-BE5B-96BA07BD631A}.Debug|Any CPU.Build.0 = Debug|Any CPU
		{87B52A1A-222F-4F20-BE5B-96BA07BD631A}.Debug|x64.ActiveCfg = Debug|Any CPU
		{87B52A1A-222F-4F20-BE5B-96BA07BD631A}.Debug|x64.Build.0 = Debug|Any CPU
		{87B52A1A-222F-4F20-BE5B-96BA07BD631A}.Debug|x86.ActiveCfg = Debug|Any CPU
		{87B52A1A-222F-4F20-BE5B-96BA07BD631A}.Debug|x86.Build.0 = Debug|Any CPU
		{87B52A1A-222F-4F20-BE5B-96BA07BD631A}.Release|Any CPU.ActiveCfg = Release|Any CPU
		{87B52A1A-222F-4F20-BE5B-96BA07BD631A}.Release|Any CPU.Build.0 = Release|Any CPU
		{87B52A1A-222F-4F20-BE5B-96BA07BD631A}.Release|x64.ActiveCfg = Release|Any CPU
		{87B52A1A-222F-4F20-BE5B-96BA07BD631A}.Release|x64.Build.0 = Release|Any CPU
		{87B52A1A-222F-4F20-BE5B-96BA07BD631A}.Release|x86.ActiveCfg = Release|Any CPU
		{87B52A1A-222F-4F20-BE5B-96BA07BD631A}.Release|x86.Build.0 = Release|Any CPU
		{FD9E4D1F-1AC1-41EF-A296-6E211B876E22}.Debug|Any CPU.ActiveCfg = Debug|Any CPU
		{FD9E4D1F-1AC1-41EF-A296-6E211B876E22}.Debug|Any CPU.Build.0 = Debug|Any CPU
		{FD9E4D1F-1AC1-41EF-A296-6E211B876E22}.Debug|x64.ActiveCfg = Debug|Any CPU
		{FD9E4D1F-1AC1-41EF-A296-6E211B876E22}.Debug|x64.Build.0 = Debug|Any CPU
		{FD9E4D1F-1AC1-41EF-A296-6E211B876E22}.Debug|x86.ActiveCfg = Debug|Any CPU
		{FD9E4D1F-1AC1-41EF-A296-6E211B876E22}.Debug|x86.Build.0 = Debug|Any CPU
		{FD9E4D1F-1AC1-41EF-A296-6E211B876E22}.Release|Any CPU.ActiveCfg = Release|Any CPU
		{FD9E4D1F-1AC1-41EF-A296-6E211B876E22}.Release|Any CPU.Build.0 = Release|Any CPU
		{FD9E4D1F-1AC1-41EF-A296-6E211B876E22}.Release|x64.ActiveCfg = Release|Any CPU
		{FD9E4D1F-1AC1-41EF-A296-6E211B876E22}.Release|x64.Build.0 = Release|Any CPU
		{FD9E4D1F-1AC1-41EF-A296-6E211B876E22}.Release|x86.ActiveCfg = Release|Any CPU
		{FD9E4D1F-1AC1-41EF-A296-6E211B876E22}.Release|x86.Build.0 = Release|Any CPU
		{A5246B8D-88B0-4650-A618-66AFB331102E}.Debug|Any CPU.ActiveCfg = Debug|Any CPU
		{A5246B8D-88B0-4650-A618-66AFB331102E}.Debug|Any CPU.Build.0 = Debug|Any CPU
		{A5246B8D-88B0-4650-A618-66AFB331102E}.Debug|x64.ActiveCfg = Debug|Any CPU
		{A5246B8D-88B0-4650-A618-66AFB331102E}.Debug|x64.Build.0 = Debug|Any CPU
		{A5246B8D-88B0-4650-A618-66AFB331102E}.Debug|x86.ActiveCfg = Debug|Any CPU
		{A5246B8D-88B0-4650-A618-66AFB331102E}.Debug|x86.Build.0 = Debug|Any CPU
		{A5246B8D-88B0-4650-A618-66AFB331102E}.Release|Any CPU.ActiveCfg = Release|Any CPU
		{A5246B8D-88B0-4650-A618-66AFB331102E}.Release|Any CPU.Build.0 = Release|Any CPU
		{A5246B8D-88B0-4650-A618-66AFB331102E}.Release|x64.ActiveCfg = Release|Any CPU
		{A5246B8D-88B0-4650-A618-66AFB331102E}.Release|x64.Build.0 = Release|Any CPU
		{A5246B8D-88B0-4650-A618-66AFB331102E}.Release|x86.ActiveCfg = Release|Any CPU
		{A5246B8D-88B0-4650-A618-66AFB331102E}.Release|x86.Build.0 = Release|Any CPU
		{F5DF302B-EA1A-41DA-BF95-82E9F10B7ECA}.Debug|Any CPU.ActiveCfg = Debug|Any CPU
		{F5DF302B-EA1A-41DA-BF95-82E9F10B7ECA}.Debug|Any CPU.Build.0 = Debug|Any CPU
		{F5DF302B-EA1A-41DA-BF95-82E9F10B7ECA}.Debug|x64.ActiveCfg = Debug|Any CPU
		{F5DF302B-EA1A-41DA-BF95-82E9F10B7ECA}.Debug|x64.Build.0 = Debug|Any CPU
		{F5DF302B-EA1A-41DA-BF95-82E9F10B7ECA}.Debug|x86.ActiveCfg = Debug|Any CPU
		{F5DF302B-EA1A-41DA-BF95-82E9F10B7ECA}.Debug|x86.Build.0 = Debug|Any CPU
		{F5DF302B-EA1A-41DA-BF95-82E9F10B7ECA}.Release|Any CPU.ActiveCfg = Release|Any CPU
		{F5DF302B-EA1A-41DA-BF95-82E9F10B7ECA}.Release|Any CPU.Build.0 = Release|Any CPU
		{F5DF302B-EA1A-41DA-BF95-82E9F10B7ECA}.Release|x64.ActiveCfg = Release|Any CPU
		{F5DF302B-EA1A-41DA-BF95-82E9F10B7ECA}.Release|x64.Build.0 = Release|Any CPU
		{F5DF302B-EA1A-41DA-BF95-82E9F10B7ECA}.Release|x86.ActiveCfg = Release|Any CPU
		{F5DF302B-EA1A-41DA-BF95-82E9F10B7ECA}.Release|x86.Build.0 = Release|Any CPU
		{ACA47186-11ED-431E-A4B9-CA4C9BFF884C}.Debug|Any CPU.ActiveCfg = Debug|Any CPU
		{ACA47186-11ED-431E-A4B9-CA4C9BFF884C}.Debug|Any CPU.Build.0 = Debug|Any CPU
		{ACA47186-11ED-431E-A4B9-CA4C9BFF884C}.Debug|x64.ActiveCfg = Debug|Any CPU
		{ACA47186-11ED-431E-A4B9-CA4C9BFF884C}.Debug|x64.Build.0 = Debug|Any CPU
		{ACA47186-11ED-431E-A4B9-CA4C9BFF884C}.Debug|x86.ActiveCfg = Debug|Any CPU
		{ACA47186-11ED-431E-A4B9-CA4C9BFF884C}.Debug|x86.Build.0 = Debug|Any CPU
		{ACA47186-11ED-431E-A4B9-CA4C9BFF884C}.Release|Any CPU.ActiveCfg = Release|Any CPU
		{ACA47186-11ED-431E-A4B9-CA4C9BFF884C}.Release|Any CPU.Build.0 = Release|Any CPU
		{ACA47186-11ED-431E-A4B9-CA4C9BFF884C}.Release|x64.ActiveCfg = Release|Any CPU
		{ACA47186-11ED-431E-A4B9-CA4C9BFF884C}.Release|x64.Build.0 = Release|Any CPU
		{ACA47186-11ED-431E-A4B9-CA4C9BFF884C}.Release|x86.ActiveCfg = Release|Any CPU
		{ACA47186-11ED-431E-A4B9-CA4C9BFF884C}.Release|x86.Build.0 = Release|Any CPU
		{854BDB35-AD6D-43CE-8E83-A7D2B881236F}.Debug|Any CPU.ActiveCfg = Debug|Any CPU
		{854BDB35-AD6D-43CE-8E83-A7D2B881236F}.Debug|Any CPU.Build.0 = Debug|Any CPU
		{854BDB35-AD6D-43CE-8E83-A7D2B881236F}.Debug|x64.ActiveCfg = Debug|Any CPU
		{854BDB35-AD6D-43CE-8E83-A7D2B881236F}.Debug|x64.Build.0 = Debug|Any CPU
		{854BDB35-AD6D-43CE-8E83-A7D2B881236F}.Debug|x86.ActiveCfg = Debug|Any CPU
		{854BDB35-AD6D-43CE-8E83-A7D2B881236F}.Debug|x86.Build.0 = Debug|Any CPU
		{854BDB35-AD6D-43CE-8E83-A7D2B881236F}.Release|Any CPU.ActiveCfg = Release|Any CPU
		{854BDB35-AD6D-43CE-8E83-A7D2B881236F}.Release|Any CPU.Build.0 = Release|Any CPU
		{854BDB35-AD6D-43CE-8E83-A7D2B881236F}.Release|x64.ActiveCfg = Release|Any CPU
		{854BDB35-AD6D-43CE-8E83-A7D2B881236F}.Release|x64.Build.0 = Release|Any CPU
		{854BDB35-AD6D-43CE-8E83-A7D2B881236F}.Release|x86.ActiveCfg = Release|Any CPU
		{854BDB35-AD6D-43CE-8E83-A7D2B881236F}.Release|x86.Build.0 = Release|Any CPU
		{5C88FFE6-7D90-42B7-85FD-7E4C6F9A736F}.Debug|Any CPU.ActiveCfg = Debug|Any CPU
		{5C88FFE6-7D90-42B7-85FD-7E4C6F9A736F}.Debug|Any CPU.Build.0 = Debug|Any CPU
		{5C88FFE6-7D90-42B7-85FD-7E4C6F9A736F}.Debug|x64.ActiveCfg = Debug|Any CPU
		{5C88FFE6-7D90-42B7-85FD-7E4C6F9A736F}.Debug|x64.Build.0 = Debug|Any CPU
		{5C88FFE6-7D90-42B7-85FD-7E4C6F9A736F}.Debug|x86.ActiveCfg = Debug|Any CPU
		{5C88FFE6-7D90-42B7-85FD-7E4C6F9A736F}.Debug|x86.Build.0 = Debug|Any CPU
		{5C88FFE6-7D90-42B7-85FD-7E4C6F9A736F}.Release|Any CPU.ActiveCfg = Release|Any CPU
		{5C88FFE6-7D90-42B7-85FD-7E4C6F9A736F}.Release|Any CPU.Build.0 = Release|Any CPU
		{5C88FFE6-7D90-42B7-85FD-7E4C6F9A736F}.Release|x64.ActiveCfg = Release|Any CPU
		{5C88FFE6-7D90-42B7-85FD-7E4C6F9A736F}.Release|x64.Build.0 = Release|Any CPU
		{5C88FFE6-7D90-42B7-85FD-7E4C6F9A736F}.Release|x86.ActiveCfg = Release|Any CPU
		{5C88FFE6-7D90-42B7-85FD-7E4C6F9A736F}.Release|x86.Build.0 = Release|Any CPU
	EndGlobalSection
	GlobalSection(SolutionProperties) = preSolution
		HideSolutionNode = FALSE
	EndGlobalSection
EndGlobal
